// !$*UTF8*$!
{
	archiveVersion = 1;
	classes = {
	};
	objectVersion = 55;
	objects = {

/* Begin PBXBuildFile section */
		95FA9350274B168500A2798D /* BitManipulationApp.swift in Sources */ = {isa = PBXBuildFile; fileRef = 95FA934F274B168500A2798D /* BitManipulationApp.swift */; };
		95FA9352274B168500A2798D /* ContentView.swift in Sources */ = {isa = PBXBuildFile; fileRef = 95FA9351274B168500A2798D /* ContentView.swift */; };
		95FA9354274B168B00A2798D /* Assets.xcassets in Resources */ = {isa = PBXBuildFile; fileRef = 95FA9353274B168B00A2798D /* Assets.xcassets */; };
		95FA9357274B168B00A2798D /* Preview Assets.xcassets in Resources */ = {isa = PBXBuildFile; fileRef = 95FA9356274B168B00A2798D /* Preview Assets.xcassets */; };
		95FA9361274B168B00A2798D /* BitManipulationTests.swift in Sources */ = {isa = PBXBuildFile; fileRef = 95FA9360274B168B00A2798D /* BitManipulationTests.swift */; };
		95FA936B274B168B00A2798D /* BitManipulationUITests.swift in Sources */ = {isa = PBXBuildFile; fileRef = 95FA936A274B168B00A2798D /* BitManipulationUITests.swift */; };
		95FA936D274B168B00A2798D /* BitManipulationUITestsLaunchTests.swift in Sources */ = {isa = PBXBuildFile; fileRef = 95FA936C274B168B00A2798D /* BitManipulationUITestsLaunchTests.swift */; };
		95FA937C274B170200A2798D /* BitCalculator.swift in Sources */ = {isa = PBXBuildFile; fileRef = 95FA9379274B170200A2798D /* BitCalculator.swift */; };
		95FA937D274B170200A2798D /* ContentController.swift in Sources */ = {isa = PBXBuildFile; fileRef = 95FA937A274B170200A2798D /* ContentController.swift */; };
		95FA937E274B170200A2798D /* MockProvider.swift in Sources */ = {isa = PBXBuildFile; fileRef = 95FA937B274B170200A2798D /* MockProvider.swift */; };
/* End PBXBuildFile section */

/* Begin PBXContainerItemProxy section */
		95FA935D274B168B00A2798D /* PBXContainerItemProxy */ = {
			isa = PBXContainerItemProxy;
			containerPortal = 95FA9344274B168500A2798D /* Project object */;
			proxyType = 1;
			remoteGlobalIDString = 95FA934B274B168500A2798D;
			remoteInfo = BitManipulation;
		};
		95FA9367274B168B00A2798D /* PBXContainerItemProxy */ = {
			isa = PBXContainerItemProxy;
			containerPortal = 95FA9344274B168500A2798D /* Project object */;
			proxyType = 1;
			remoteGlobalIDString = 95FA934B274B168500A2798D;
			remoteInfo = BitManipulation;
		};
/* End PBXContainerItemProxy section */

/* Begin PBXFileReference section */
		95FA934C274B168500A2798D /* BitManipulation.app */ = {isa = PBXFileReference; explicitFileType = wrapper.application; includeInIndex = 0; path = BitManipulation.app; sourceTree = BUILT_PRODUCTS_DIR; };
		95FA934F274B168500A2798D /* BitManipulationApp.swift */ = {isa = PBXFileReference; lastKnownFileType = sourcecode.swift; path = BitManipulationApp.swift; sourceTree = "<group>"; };
		95FA9351274B168500A2798D /* ContentView.swift */ = {isa = PBXFileReference; lastKnownFileType = sourcecode.swift; path = ContentView.swift; sourceTree = "<group>"; };
		95FA9353274B168B00A2798D /* Assets.xcassets */ = {isa = PBXFileReference; lastKnownFileType = folder.assetcatalog; path = Assets.xcassets; sourceTree = "<group>"; };
		95FA9356274B168B00A2798D /* Preview Assets.xcassets */ = {isa = PBXFileReference; lastKnownFileType = folder.assetcatalog; path = "Preview Assets.xcassets"; sourceTree = "<group>"; };
		95FA935C274B168B00A2798D /* BitManipulationTests.xctest */ = {isa = PBXFileReference; explicitFileType = wrapper.cfbundle; includeInIndex = 0; path = BitManipulationTests.xctest; sourceTree = BUILT_PRODUCTS_DIR; };
		95FA9360274B168B00A2798D /* BitManipulationTests.swift */ = {isa = PBXFileReference; lastKnownFileType = sourcecode.swift; path = BitManipulationTests.swift; sourceTree = "<group>"; };
		95FA9366274B168B00A2798D /* BitManipulationUITests.xctest */ = {isa = PBXFileReference; explicitFileType = wrapper.cfbundle; includeInIndex = 0; path = BitManipulationUITests.xctest; sourceTree = BUILT_PRODUCTS_DIR; };
		95FA936A274B168B00A2798D /* BitManipulationUITests.swift */ = {isa = PBXFileReference; lastKnownFileType = sourcecode.swift; path = BitManipulationUITests.swift; sourceTree = "<group>"; };
		95FA936C274B168B00A2798D /* BitManipulationUITestsLaunchTests.swift */ = {isa = PBXFileReference; lastKnownFileType = sourcecode.swift; path = BitManipulationUITestsLaunchTests.swift; sourceTree = "<group>"; };
		95FA9379274B170200A2798D /* BitCalculator.swift */ = {isa = PBXFileReference; fileEncoding = 4; lastKnownFileType = sourcecode.swift; path = BitCalculator.swift; sourceTree = "<group>"; };
		95FA937A274B170200A2798D /* ContentController.swift */ = {isa = PBXFileReference; fileEncoding = 4; lastKnownFileType = sourcecode.swift; path = ContentController.swift; sourceTree = "<group>"; };
		95FA937B274B170200A2798D /* MockProvider.swift */ = {isa = PBXFileReference; fileEncoding = 4; lastKnownFileType = sourcecode.swift; path = MockProvider.swift; sourceTree = "<group>"; };
/* End PBXFileReference section */

/* Begin PBXFrameworksBuildPhase section */
		95FA9349274B168500A2798D /* Frameworks */ = {
			isa = PBXFrameworksBuildPhase;
			buildActionMask = 2147483647;
			files = (
			);
			runOnlyForDeploymentPostprocessing = 0;
		};
		95FA9359274B168B00A2798D /* Frameworks */ = {
			isa = PBXFrameworksBuildPhase;
			buildActionMask = 2147483647;
			files = (
			);
			runOnlyForDeploymentPostprocessing = 0;
		};
		95FA9363274B168B00A2798D /* Frameworks */ = {
			isa = PBXFrameworksBuildPhase;
			buildActionMask = 2147483647;
			files = (
			);
			runOnlyForDeploymentPostprocessing = 0;
		};
/* End PBXFrameworksBuildPhase section */

/* Begin PBXGroup section */
		95FA9343274B168500A2798D = {
			isa = PBXGroup;
			children = (
				95FA934E274B168500A2798D /* BitManipulation */,
				95FA935F274B168B00A2798D /* BitManipulationTests */,
				95FA9369274B168B00A2798D /* BitManipulationUITests */,
				95FA934D274B168500A2798D /* Products */,
			);
			sourceTree = "<group>";
		};
		95FA934D274B168500A2798D /* Products */ = {
			isa = PBXGroup;
			children = (
				95FA934C274B168500A2798D /* BitManipulation.app */,
				95FA935C274B168B00A2798D /* BitManipulationTests.xctest */,
				95FA9366274B168B00A2798D /* BitManipulationUITests.xctest */,
			);
			name = Products;
			sourceTree = "<group>";
		};
		95FA934E274B168500A2798D /* BitManipulation */ = {
			isa = PBXGroup;
			children = (
				95FA934F274B168500A2798D /* BitManipulationApp.swift */,
				95FA9351274B168500A2798D /* ContentView.swift */,
				95FA937A274B170200A2798D /* ContentController.swift */,
				95FA9379274B170200A2798D /* BitCalculator.swift */,
				95FA937B274B170200A2798D /* MockProvider.swift */,
				95FA9353274B168B00A2798D /* Assets.xcassets */,
				95FA9355274B168B00A2798D /* Preview Content */,
			);
			path = BitManipulation;
			sourceTree = "<group>";
		};
		95FA9355274B168B00A2798D /* Preview Content */ = {
			isa = PBXGroup;
			children = (
				95FA9356274B168B00A2798D /* Preview Assets.xcassets */,
			);
			path = "Preview Content";
			sourceTree = "<group>";
		};
		95FA935F274B168B00A2798D /* BitManipulationTests */ = {
			isa = PBXGroup;
			children = (
				95FA9360274B168B00A2798D /* BitManipulationTests.swift */,
			);
			path = BitManipulationTests;
			sourceTree = "<group>";
		};
		95FA9369274B168B00A2798D /* BitManipulationUITests */ = {
			isa = PBXGroup;
			children = (
				95FA936A274B168B00A2798D /* BitManipulationUITests.swift */,
				95FA936C274B168B00A2798D /* BitManipulationUITestsLaunchTests.swift */,
			);
			path = BitManipulationUITests;
			sourceTree = "<group>";
		};
/* End PBXGroup section */

/* Begin PBXNativeTarget section */
		95FA934B274B168500A2798D /* BitManipulation */ = {
			isa = PBXNativeTarget;
			buildConfigurationList = 95FA9370274B168B00A2798D /* Build configuration list for PBXNativeTarget "BitManipulation" */;
			buildPhases = (
				95FA9348274B168500A2798D /* Sources */,
				95FA9349274B168500A2798D /* Frameworks */,
				95FA934A274B168500A2798D /* Resources */,
			);
			buildRules = (
			);
			dependencies = (
			);
			name = BitManipulation;
			productName = BitManipulation;
			productReference = 95FA934C274B168500A2798D /* BitManipulation.app */;
			productType = "com.apple.product-type.application";
		};
		95FA935B274B168B00A2798D /* BitManipulationTests */ = {
			isa = PBXNativeTarget;
			buildConfigurationList = 95FA9373274B168B00A2798D /* Build configuration list for PBXNativeTarget "BitManipulationTests" */;
			buildPhases = (
				95FA9358274B168B00A2798D /* Sources */,
				95FA9359274B168B00A2798D /* Frameworks */,
				95FA935A274B168B00A2798D /* Resources */,
			);
			buildRules = (
			);
			dependencies = (
				95FA935E274B168B00A2798D /* PBXTargetDependency */,
			);
			name = BitManipulationTests;
			productName = BitManipulationTests;
			productReference = 95FA935C274B168B00A2798D /* BitManipulationTests.xctest */;
			productType = "com.apple.product-type.bundle.unit-test";
		};
		95FA9365274B168B00A2798D /* BitManipulationUITests */ = {
			isa = PBXNativeTarget;
			buildConfigurationList = 95FA9376274B168B00A2798D /* Build configuration list for PBXNativeTarget "BitManipulationUITests" */;
			buildPhases = (
				95FA9362274B168B00A2798D /* Sources */,
				95FA9363274B168B00A2798D /* Frameworks */,
				95FA9364274B168B00A2798D /* Resources */,
			);
			buildRules = (
			);
			dependencies = (
				95FA9368274B168B00A2798D /* PBXTargetDependency */,
			);
			name = BitManipulationUITests;
			productName = BitManipulationUITests;
			productReference = 95FA9366274B168B00A2798D /* BitManipulationUITests.xctest */;
			productType = "com.apple.product-type.bundle.ui-testing";
		};
/* End PBXNativeTarget section */

/* Begin PBXProject section */
		95FA9344274B168500A2798D /* Project object */ = {
			isa = PBXProject;
			attributes = {
				BuildIndependentTargetsInParallel = 1;
				LastSwiftUpdateCheck = 1300;
				LastUpgradeCheck = 1300;
				TargetAttributes = {
					95FA934B274B168500A2798D = {
						CreatedOnToolsVersion = 13.0;
					};
					95FA935B274B168B00A2798D = {
						CreatedOnToolsVersion = 13.0;
						TestTargetID = 95FA934B274B168500A2798D;
					};
					95FA9365274B168B00A2798D = {
						CreatedOnToolsVersion = 13.0;
						TestTargetID = 95FA934B274B168500A2798D;
					};
				};
			};
			buildConfigurationList = 95FA9347274B168500A2798D /* Build configuration list for PBXProject "BitManipulation" */;
			compatibilityVersion = "Xcode 13.0";
			developmentRegion = en;
			hasScannedForEncodings = 0;
			knownRegions = (
				en,
				Base,
			);
			mainGroup = 95FA9343274B168500A2798D;
			productRefGroup = 95FA934D274B168500A2798D /* Products */;
			projectDirPath = "";
			projectRoot = "";
			targets = (
				95FA934B274B168500A2798D /* BitManipulation */,
				95FA935B274B168B00A2798D /* BitManipulationTests */,
				95FA9365274B168B00A2798D /* BitManipulationUITests */,
			);
		};
/* End PBXProject section */

/* Begin PBXResourcesBuildPhase section */
		95FA934A274B168500A2798D /* Resources */ = {
			isa = PBXResourcesBuildPhase;
			buildActionMask = 2147483647;
			files = (
				95FA9357274B168B00A2798D /* Preview Assets.xcassets in Resources */,
				95FA9354274B168B00A2798D /* Assets.xcassets in Resources */,
			);
			runOnlyForDeploymentPostprocessing = 0;
		};
		95FA935A274B168B00A2798D /* Resources */ = {
			isa = PBXResourcesBuildPhase;
			buildActionMask = 2147483647;
			files = (
			);
			runOnlyForDeploymentPostprocessing = 0;
		};
		95FA9364274B168B00A2798D /* Resources */ = {
			isa = PBXResourcesBuildPhase;
			buildActionMask = 2147483647;
			files = (
			);
			runOnlyForDeploymentPostprocessing = 0;
		};
/* End PBXResourcesBuildPhase section */

/* Begin PBXSourcesBuildPhase section */
		95FA9348274B168500A2798D /* Sources */ = {
			isa = PBXSourcesBuildPhase;
			buildActionMask = 2147483647;
			files = (
				95FA937E274B170200A2798D /* MockProvider.swift in Sources */,
				95FA9352274B168500A2798D /* ContentView.swift in Sources */,
				95FA937D274B170200A2798D /* ContentController.swift in Sources */,
				95FA937C274B170200A2798D /* BitCalculator.swift in Sources */,
				95FA9350274B168500A2798D /* BitManipulationApp.swift in Sources */,
			);
			runOnlyForDeploymentPostprocessing = 0;
		};
		95FA9358274B168B00A2798D /* Sources */ = {
			isa = PBXSourcesBuildPhase;
			buildActionMask = 2147483647;
			files = (
				95FA9361274B168B00A2798D /* BitManipulationTests.swift in Sources */,
			);
			runOnlyForDeploymentPostprocessing = 0;
		};
		95FA9362274B168B00A2798D /* Sources */ = {
			isa = PBXSourcesBuildPhase;
			buildActionMask = 2147483647;
			files = (
				95FA936B274B168B00A2798D /* BitManipulationUITests.swift in Sources */,
				95FA936D274B168B00A2798D /* BitManipulationUITestsLaunchTests.swift in Sources */,
			);
			runOnlyForDeploymentPostprocessing = 0;
		};
/* End PBXSourcesBuildPhase section */

/* Begin PBXTargetDependency section */
		95FA935E274B168B00A2798D /* PBXTargetDependency */ = {
			isa = PBXTargetDependency;
			target = 95FA934B274B168500A2798D /* BitManipulation */;
			targetProxy = 95FA935D274B168B00A2798D /* PBXContainerItemProxy */;
		};
		95FA9368274B168B00A2798D /* PBXTargetDependency */ = {
			isa = PBXTargetDependency;
			target = 95FA934B274B168500A2798D /* BitManipulation */;
			targetProxy = 95FA9367274B168B00A2798D /* PBXContainerItemProxy */;
		};
/* End PBXTargetDependency section */

/* Begin XCBuildConfiguration section */
		95FA936E274B168B00A2798D /* Debug */ = {
			isa = XCBuildConfiguration;
			buildSettings = {
				ALWAYS_SEARCH_USER_PATHS = NO;
				CLANG_ANALYZER_NONNULL = YES;
				CLANG_ANALYZER_NUMBER_OBJECT_CONVERSION = YES_AGGRESSIVE;
				CLANG_CXX_LANGUAGE_STANDARD = "gnu++17";
				CLANG_CXX_LIBRARY = "libc++";
				CLANG_ENABLE_MODULES = YES;
				CLANG_ENABLE_OBJC_ARC = YES;
				CLANG_ENABLE_OBJC_WEAK = YES;
				CLANG_WARN_BLOCK_CAPTURE_AUTORELEASING = YES;
				CLANG_WARN_BOOL_CONVERSION = YES;
				CLANG_WARN_COMMA = YES;
				CLANG_WARN_CONSTANT_CONVERSION = YES;
				CLANG_WARN_DEPRECATED_OBJC_IMPLEMENTATIONS = YES;
				CLANG_WARN_DIRECT_OBJC_ISA_USAGE = YES_ERROR;
				CLANG_WARN_DOCUMENTATION_COMMENTS = YES;
				CLANG_WARN_EMPTY_BODY = YES;
				CLANG_WARN_ENUM_CONVERSION = YES;
				CLANG_WARN_INFINITE_RECURSION = YES;
				CLANG_WARN_INT_CONVERSION = YES;
				CLANG_WARN_NON_LITERAL_NULL_CONVERSION = YES;
				CLANG_WARN_OBJC_IMPLICIT_RETAIN_SELF = YES;
				CLANG_WARN_OBJC_LITERAL_CONVERSION = YES;
				CLANG_WARN_OBJC_ROOT_CLASS = YES_ERROR;
				CLANG_WARN_QUOTED_INCLUDE_IN_FRAMEWORK_HEADER = YES;
				CLANG_WARN_RANGE_LOOP_ANALYSIS = YES;
				CLANG_WARN_STRICT_PROTOTYPES = YES;
				CLANG_WARN_SUSPICIOUS_MOVE = YES;
				CLANG_WARN_UNGUARDED_AVAILABILITY = YES_AGGRESSIVE;
				CLANG_WARN_UNREACHABLE_CODE = YES;
				CLANG_WARN__DUPLICATE_METHOD_MATCH = YES;
				COPY_PHASE_STRIP = NO;
				DEBUG_INFORMATION_FORMAT = dwarf;
				ENABLE_STRICT_OBJC_MSGSEND = YES;
				ENABLE_TESTABILITY = YES;
				GCC_C_LANGUAGE_STANDARD = gnu11;
				GCC_DYNAMIC_NO_PIC = NO;
				GCC_NO_COMMON_BLOCKS = YES;
				GCC_OPTIMIZATION_LEVEL = 0;
				GCC_PREPROCESSOR_DEFINITIONS = (
					"DEBUG=1",
					"$(inherited)",
				);
				GCC_WARN_64_TO_32_BIT_CONVERSION = YES;
				GCC_WARN_ABOUT_RETURN_TYPE = YES_ERROR;
				GCC_WARN_UNDECLARED_SELECTOR = YES;
				GCC_WARN_UNINITIALIZED_AUTOS = YES_AGGRESSIVE;
				GCC_WARN_UNUSED_FUNCTION = YES;
				GCC_WARN_UNUSED_VARIABLE = YES;
				IPHONEOS_DEPLOYMENT_TARGET = 15.0;
				MTL_ENABLE_DEBUG_INFO = INCLUDE_SOURCE;
				MTL_FAST_MATH = YES;
				ONLY_ACTIVE_ARCH = YES;
				SDKROOT = iphoneos;
				SWIFT_ACTIVE_COMPILATION_CONDITIONS = DEBUG;
				SWIFT_OPTIMIZATION_LEVEL = "-Onone";
			};
			name = Debug;
		};
		95FA936F274B168B00A2798D /* Release */ = {
			isa = XCBuildConfiguration;
			buildSettings = {
				ALWAYS_SEARCH_USER_PATHS = NO;
				CLANG_ANALYZER_NONNULL = YES;
				CLANG_ANALYZER_NUMBER_OBJECT_CONVERSION = YES_AGGRESSIVE;
				CLANG_CXX_LANGUAGE_STANDARD = "gnu++17";
				CLANG_CXX_LIBRARY = "libc++";
				CLANG_ENABLE_MODULES = YES;
				CLANG_ENABLE_OBJC_ARC = YES;
				CLANG_ENABLE_OBJC_WEAK = YES;
				CLANG_WARN_BLOCK_CAPTURE_AUTORELEASING = YES;
				CLANG_WARN_BOOL_CONVERSION = YES;
				CLANG_WARN_COMMA = YES;
				CLANG_WARN_CONSTANT_CONVERSION = YES;
				CLANG_WARN_DEPRECATED_OBJC_IMPLEMENTATIONS = YES;
				CLANG_WARN_DIRECT_OBJC_ISA_USAGE = YES_ERROR;
				CLANG_WARN_DOCUMENTATION_COMMENTS = YES;
				CLANG_WARN_EMPTY_BODY = YES;
				CLANG_WARN_ENUM_CONVERSION = YES;
				CLANG_WARN_INFINITE_RECURSION = YES;
				CLANG_WARN_INT_CONVERSION = YES;
				CLANG_WARN_NON_LITERAL_NULL_CONVERSION = YES;
				CLANG_WARN_OBJC_IMPLICIT_RETAIN_SELF = YES;
				CLANG_WARN_OBJC_LITERAL_CONVERSION = YES;
				CLANG_WARN_OBJC_ROOT_CLASS = YES_ERROR;
				CLANG_WARN_QUOTED_INCLUDE_IN_FRAMEWORK_HEADER = YES;
				CLANG_WARN_RANGE_LOOP_ANALYSIS = YES;
				CLANG_WARN_STRICT_PROTOTYPES = YES;
				CLANG_WARN_SUSPICIOUS_MOVE = YES;
				CLANG_WARN_UNGUARDED_AVAILABILITY = YES_AGGRESSIVE;
				CLANG_WARN_UNREACHABLE_CODE = YES;
				CLANG_WARN__DUPLICATE_METHOD_MATCH = YES;
				COPY_PHASE_STRIP = NO;
				DEBUG_INFORMATION_FORMAT = "dwarf-with-dsym";
				ENABLE_NS_ASSERTIONS = NO;
				ENABLE_STRICT_OBJC_MSGSEND = YES;
				GCC_C_LANGUAGE_STANDARD = gnu11;
				GCC_NO_COMMON_BLOCKS = YES;
				GCC_WARN_64_TO_32_BIT_CONVERSION = YES;
				GCC_WARN_ABOUT_RETURN_TYPE = YES_ERROR;
				GCC_WARN_UNDECLARED_SELECTOR = YES;
				GCC_WARN_UNINITIALIZED_AUTOS = YES_AGGRESSIVE;
				GCC_WARN_UNUSED_FUNCTION = YES;
				GCC_WARN_UNUSED_VARIABLE = YES;
				IPHONEOS_DEPLOYMENT_TARGET = 15.0;
				MTL_ENABLE_DEBUG_INFO = NO;
				MTL_FAST_MATH = YES;
				SDKROOT = iphoneos;
				SWIFT_COMPILATION_MODE = wholemodule;
				SWIFT_OPTIMIZATION_LEVEL = "-O";
				VALIDATE_PRODUCT = YES;
			};
			name = Release;
		};
		95FA9371274B168B00A2798D /* Debug */ = {
			isa = XCBuildConfiguration;
			buildSettings = {
				ASSETCATALOG_COMPILER_APPICON_NAME = AppIcon;
				ASSETCATALOG_COMPILER_GLOBAL_ACCENT_COLOR_NAME = AccentColor;
				CODE_SIGN_STYLE = Automatic;
				CURRENT_PROJECT_VERSION = 1;
				DEVELOPMENT_ASSET_PATHS = "\"BitManipulation/Preview Content\"";
				DEVELOPMENT_TEAM = 8SX64N2GHP;
				ENABLE_PREVIEWS = YES;
				GENERATE_INFOPLIST_FILE = YES;
				INFOPLIST_KEY_UIApplicationSceneManifest_Generation = YES;
				INFOPLIST_KEY_UIApplicationSupportsIndirectInputEvents = YES;
				INFOPLIST_KEY_UILaunchScreen_Generation = YES;
				INFOPLIST_KEY_UISupportedInterfaceOrientations_iPad = "UIInterfaceOrientationPortrait UIInterfaceOrientationPortraitUpsideDown UIInterfaceOrientationLandscapeLeft UIInterfaceOrientationLandscapeRight";
				INFOPLIST_KEY_UISupportedInterfaceOrientations_iPhone = "UIInterfaceOrientationPortrait UIInterfaceOrientationLandscapeLeft UIInterfaceOrientationLandscapeRight";
				IPHONEOS_DEPLOYMENT_TARGET = 14.0;
				LD_RUNPATH_SEARCH_PATHS = (
					"$(inherited)",
					"@executable_path/Frameworks",
				);
				MARKETING_VERSION = 1.0;
				PRODUCT_BUNDLE_IDENTIFIER = com.luizfernandodias.BitManipulation;
				PRODUCT_NAME = "$(TARGET_NAME)";
				SWIFT_EMIT_LOC_STRINGS = YES;
				SWIFT_VERSION = 5.0;
				TARGETED_DEVICE_FAMILY = "1,2";
			};
			name = Debug;
		};
		95FA9372274B168B00A2798D /* Release */ = {
			isa = XCBuildConfiguration;
			buildSettings = {
				ASSETCATALOG_COMPILER_APPICON_NAME = AppIcon;
				ASSETCATALOG_COMPILER_GLOBAL_ACCENT_COLOR_NAME = AccentColor;
				CODE_SIGN_STYLE = Automatic;
				CURRENT_PROJECT_VERSION = 1;
				DEVELOPMENT_ASSET_PATHS = "\"BitManipulation/Preview Content\"";
				DEVELOPMENT_TEAM = 8SX64N2GHP;
				ENABLE_PREVIEWS = YES;
				GENERATE_INFOPLIST_FILE = YES;
				INFOPLIST_KEY_UIApplicationSceneManifest_Generation = YES;
				INFOPLIST_KEY_UIApplicationSupportsIndirectInputEvents = YES;
				INFOPLIST_KEY_UILaunchScreen_Generation = YES;
				INFOPLIST_KEY_UISupportedInterfaceOrientations_iPad = "UIInterfaceOrientationPortrait UIInterfaceOrientationPortraitUpsideDown UIInterfaceOrientationLandscapeLeft UIInterfaceOrientationLandscapeRight";
				INFOPLIST_KEY_UISupportedInterfaceOrientations_iPhone = "UIInterfaceOrientationPortrait UIInterfaceOrientationLandscapeLeft UIInterfaceOrientationLandscapeRight";
				IPHONEOS_DEPLOYMENT_TARGET = 14.0;
				LD_RUNPATH_SEARCH_PATHS = (
					"$(inherited)",
					"@executable_path/Frameworks",
				);
				MARKETING_VERSION = 1.0;
				PRODUCT_BUNDLE_IDENTIFIER = com.luizfernandodias.BitManipulation;
				PRODUCT_NAME = "$(TARGET_NAME)";
				SWIFT_EMIT_LOC_STRINGS = YES;
				SWIFT_VERSION = 5.0;
				TARGETED_DEVICE_FAMILY = "1,2";
			};
			name = Release;
		};
		95FA9374274B168B00A2798D /* Debug */ = {
			isa = XCBuildConfiguration;
			buildSettings = {
				ALWAYS_EMBED_SWIFT_STANDARD_LIBRARIES = YES;
				BUNDLE_LOADER = "$(TEST_HOST)";
				CODE_SIGN_STYLE = Automatic;
				CURRENT_PROJECT_VERSION = 1;
				DEVELOPMENT_TEAM = 8SX64N2GHP;
				GENERATE_INFOPLIST_FILE = YES;
				IPHONEOS_DEPLOYMENT_TARGET = 14.0;
				LD_RUNPATH_SEARCH_PATHS = (
					"$(inherited)",
					"@executable_path/Frameworks",
					"@loader_path/Frameworks",
				);
				MARKETING_VERSION = 1.0;
				PRODUCT_BUNDLE_IDENTIFIER = com.luizfernandodias.BitManipulationTests;
				PRODUCT_NAME = "$(TARGET_NAME)";
				SWIFT_EMIT_LOC_STRINGS = NO;
				SWIFT_VERSION = 5.0;
				TARGETED_DEVICE_FAMILY = "1,2";
				TEST_HOST = "$(BUILT_PRODUCTS_DIR)/BitManipulation.app/BitManipulation";
			};
			name = Debug;
		};
		95FA9375274B168B00A2798D /* Release */ = {
			isa = XCBuildConfiguration;
			buildSettings = {
				ALWAYS_EMBED_SWIFT_STANDARD_LIBRARIES = YES;
				BUNDLE_LOADER = "$(TEST_HOST)";
				CODE_SIGN_STYLE = Automatic;
				CURRENT_PROJECT_VERSION = 1;
				DEVELOPMENT_TEAM = 8SX64N2GHP;
				GENERATE_INFOPLIST_FILE = YES;
				IPHONEOS_DEPLOYMENT_TARGET = 14.0;
				LD_RUNPATH_SEARCH_PATHS = (
					"$(inherited)",
					"@executable_path/Frameworks",
					"@loader_path/Frameworks",
				);
				MARKETING_VERSION = 1.0;
				PRODUCT_BUNDLE_IDENTIFIER = com.luizfernandodias.BitManipulationTests;
				PRODUCT_NAME = "$(TARGET_NAME)";
				SWIFT_EMIT_LOC_STRINGS = NO;
				SWIFT_VERSION = 5.0;
				TARGETED_DEVICE_FAMILY = "1,2";
				TEST_HOST = "$(BUILT_PRODUCTS_DIR)/BitManipulation.app/BitManipulation";
			};
			name = Release;
		};
		95FA9377274B168B00A2798D /* Debug */ = {
			isa = XCBuildConfiguration;
			buildSettings = {
				ALWAYS_EMBED_SWIFT_STANDARD_LIBRARIES = YES;
				CODE_SIGN_STYLE = Automatic;
				CURRENT_PROJECT_VERSION = 1;
				DEVELOPMENT_TEAM = 8SX64N2GHP;
				GENERATE_INFOPLIST_FILE = YES;
				LD_RUNPATH_SEARCH_PATHS = (
					"$(inherited)",
					"@executable_path/Frameworks",
					"@loader_path/Frameworks",
				);
				MARKETING_VERSION = 1.0;
				PRODUCT_BUNDLE_IDENTIFIER = com.luizfernandodias.BitManipulationUITests;
				PRODUCT_NAME = "$(TARGET_NAME)";
				SWIFT_EMIT_LOC_STRINGS = NO;
				SWIFT_VERSION = 5.0;
				TARGETED_DEVICE_FAMILY = "1,2";
				TEST_TARGET_NAME = BitManipulation;
			};
			name = Debug;
		};
		95FA9378274B168B00A2798D /* Release */ = {
			isa = XCBuildConfiguration;
			buildSettings = {
				ALWAYS_EMBED_SWIFT_STANDARD_LIBRARIES = YES;
				CODE_SIGN_STYLE = Automatic;
				CURRENT_PROJECT_VERSION = 1;
				DEVELOPMENT_TEAM = 8SX64N2GHP;
				GENERATE_INFOPLIST_FILE = YES;
				LD_RUNPATH_SEARCH_PATHS = (
					"$(inherited)",
					"@executable_path/Frameworks",
					"@loader_path/Frameworks",
				);
				MARKETING_VERSION = 1.0;
				PRODUCT_BUNDLE_IDENTIFIER = com.luizfernandodias.BitManipulationUITests;
				PRODUCT_NAME = "$(TARGET_NAME)";
				SWIFT_EMIT_LOC_STRINGS = NO;
				SWIFT_VERSION = 5.0;
				TARGETED_DEVICE_FAMILY = "1,2";
				TEST_TARGET_NAME = BitManipulation;
			};
			name = Release;
		};
/* End XCBuildConfiguration section */

/* Begin XCConfigurationList section */
		95FA9347274B168500A2798D /* Build configuration list for PBXProject "BitManipulation" */ = {
			isa = XCConfigurationList;
			buildConfigurations = (
				95FA936E274B168B00A2798D /* Debug */,
				95FA936F274B168B00A2798D /* Release */,
			);
			defaultConfigurationIsVisible = 0;
			defaultConfigurationName = Release;
		};
		95FA9370274B168B00A2798D /* Build configuration list for PBXNativeTarget "BitManipulation" */ = {
			isa = XCConfigurationList;
			buildConfigurations = (
				95FA9371274B168B00A2798D /* Debug */,
				95FA9372274B168B00A2798D /* Release */,
			);
			defaultConfigurationIsVisible = 0;
			defaultConfigurationName = Release;
		};
		95FA9373274B168B00A2798D /* Build configuration list for PBXNativeTarget "BitManipulationTests" */ = {
			isa = XCConfigurationList;
			buildConfigurations = (
				95FA9374274B168B00A2798D /* Debug */,
				95FA9375274B168B00A2798D /* Release */,
			);
			defaultConfigurationIsVisible = 0;
			defaultConfigurationName = Release;
		};
		95FA9376274B168B00A2798D /* Build configuration list for PBXNativeTarget "BitManipulationUITests" */ = {
			isa = XCConfigurationList;
			buildConfigurations = (
				95FA9377274B168B00A2798D /* Debug */,
				95FA9378274B168B00A2798D /* Release */,
			);
			defaultConfigurationIsVisible = 0;
			defaultConfigurationName = Release;
		};
/* End XCConfigurationList section */
	};
	rootObject = 95FA9344274B168500A2798D /* Project object */;
}
